
Microsoft Visual Studio Solution File, Format Version 12.00
# Visual Studio 15
VisualStudioVersion = 15.0.28010.2050
MinimumVisualStudioVersion = 10.0.40219.1
Project("{FAE04EC0-301F-11D3-BF4B-00C04F79EFBC}") = "RestWithASPNETUdemy", "RestWithASPNETUdemy\RestWithASPNETUdemy.csproj", "{5C075477-500E-45E3-A324-A0C9FEA88083}"
EndProject
Global
	GlobalSection(SolutionConfigurationPlatforms) = preSolution
		Debug|Any CPU = Debug|Any CPU
		Release|Any CPU = Release|Any CPU
	EndGlobalSection
	GlobalSection(ProjectConfigurationPlatforms) = postSolution
		{5C075477-500E-45E3-A324-A0C9FEA88083}.Debug|Any CPU.ActiveCfg = Debug|Any CPU
		{5C075477-500E-45E3-A324-A0C9FEA88083}.Debug|Any CPU.Build.0 = Debug|Any CPU
		{5C075477-500E-45E3-A324-A0C9FEA88083}.Release|Any CPU.ActiveCfg = Release|Any CPU
		{5C075477-500E-45E3-A324-A0C9FEA88083}.Release|Any CPU.Build.0 = Release|Any CPU
	EndGlobalSection
	GlobalSection(SolutionProperties) = preSolution
		HideSolutionNode = FALSE
	EndGlobalSection
	GlobalSection(ExtensibilityGlobals) = postSolution
		SolutionGuid = {D512DDE8-0207-453B-8564-C3C80FC49F4C}
	EndGlobalSection
EndGlobal
